
Microsoft Visual Studio Solution File, Format Version 12.00
# Visual Studio Version 16
VisualStudioVersion = 16.0.29613.14
MinimumVisualStudioVersion = 10.0.40219.1
Project("{FAE04EC0-301F-11D3-BF4B-00C04F79EFBC}") = "otchets", "otchets.csproj", "{79CFE7FB-D487-4D5C-ACBD-0AECABF21B39}"
EndProject
Global
	GlobalSection(SolutionConfigurationPlatforms) = preSolution
		Debug|Any CPU = Debug|Any CPU
		Release|Any CPU = Release|Any CPU
	EndGlobalSection
	GlobalSection(ProjectConfigurationPlatforms) = postSolution
		{79CFE7FB-D487-4D5C-ACBD-0AECABF21B39}.Debug|Any CPU.ActiveCfg = Debug|Any CPU
		{79CFE7FB-D487-4D5C-ACBD-0AECABF21B39}.Debug|Any CPU.Build.0 = Debug|Any CPU
		{79CFE7FB-D487-4D5C-ACBD-0AECABF21B39}.Release|Any CPU.ActiveCfg = Release|Any CPU
		{79CFE7FB-D487-4D5C-ACBD-0AECABF21B39}.Release|Any CPU.Build.0 = Release|Any CPU
	EndGlobalSection
	GlobalSection(SolutionProperties) = preSolution
		HideSolutionNode = FALSE
	EndGlobalSection
	GlobalSection(ExtensibilityGlobals) = postSolution
		SolutionGuid = {6E9DE2B9-12E0-4000-AD77-638128DBA7A3}
	EndGlobalSection
EndGlobal
